{
  "name": "youdao-note-electron",
  "version": "1.0.0",
  "lockfileVersion": 1,
  "requires": true,
  "dependencies": {
    "electron-single-instance": {
      "version": "0.0.2",
      "resolved": "http://nexus.inwesure.com/repository/npm-group/electron-single-instance/-/electron-single-instance-0.0.2.tgz",
      "integrity": "sha1-LOoHzpHITHYY0tZUjmBg/9QS4LE="
    }
  }
}
